
Microsoft Visual Studio Solution File, Format Version 12.00
# Visual Studio Version 17
VisualStudioVersion = 17.3.32819.101
MinimumVisualStudioVersion = 10.0.40219.1
Project("{FAE04EC0-301F-11D3-BF4B-00C04F79EFBC}") = "WebCake1", "WebCake1\WebCake1.csproj", "{0540C415-ACC8-44BF-829E-7CAFEE8E2165}"
EndProject
Global
	GlobalSection(SolutionConfigurationPlatforms) = preSolution
		Debug|Any CPU = Debug|Any CPU
		Release|Any CPU = Release|Any CPU
	EndGlobalSection
	GlobalSection(ProjectConfigurationPlatforms) = postSolution
		{0540C415-ACC8-44BF-829E-7CAFEE8E2165}.Debug|Any CPU.ActiveCfg = Debug|Any CPU
		{0540C415-ACC8-44BF-829E-7CAFEE8E2165}.Debug|Any CPU.Build.0 = Debug|Any CPU
		{0540C415-ACC8-44BF-829E-7CAFEE8E2165}.Release|Any CPU.ActiveCfg = Release|Any CPU
		{0540C415-ACC8-44BF-829E-7CAFEE8E2165}.Release|Any CPU.Build.0 = Release|Any CPU
	EndGlobalSection
	GlobalSection(SolutionProperties) = preSolution
		HideSolutionNode = FALSE
	EndGlobalSection
	GlobalSection(ExtensibilityGlobals) = postSolution
		SolutionGuid = {80B2FBAA-5867-4960-A4DC-79B8E3AAA04D}
	EndGlobalSection
EndGlobal
